
Microsoft Visual Studio Solution File, Format Version 12.00
# Visual Studio Version 17
VisualStudioVersion = 17.13.35919.96
MinimumVisualStudioVersion = 10.0.40219.1
Project("{FAE04EC0-301F-11D3-BF4B-00C04F79EFBC}") = "Server", "Server\Server.csproj", "{3461765F-60A1-21BC-764E-FC799869FE2F}"
EndProject
Project("{FAE04EC0-301F-11D3-BF4B-00C04F79EFBC}") = "AppHost", "..\AppHost\AppHost.csproj", "{B26B30A8-CBFE-4FD8-B2BB-15A9214231E1}"
EndProject
Project("{2150E333-8FDC-42A3-9474-1A3956D46DE8}") = "DocFx", "DocFx", "{02EA681E-C7D8-13C7-8484-4AC65E1B71E8}"
	ProjectSection(SolutionItems) = preProject
		..\..\docfx.json = ..\..\docfx.json
		..\..\index.md = ..\..\index.md
		..\..\toc.yml = ..\..\toc.yml
	EndProjectSection
EndProject
Project("{2150E333-8FDC-42A3-9474-1A3956D46DE8}") = "Docs", "Docs", "{73EF09C1-3E34-4DEF-A8B7-15F21EB2BE4A}"
	ProjectSection(SolutionItems) = preProject
		..\..\docs\docfx.md = ..\..\docs\docfx.md
		..\..\docs\fastendpoints.md = ..\..\docs\fastendpoints.md
		..\..\docs\getting-started.md = ..\..\docs\getting-started.md
		..\..\docs\introduction.md = ..\..\docs\introduction.md
		..\..\docs\toc.yml = ..\..\docs\toc.yml
	EndProjectSection
EndProject
Project("{2150E333-8FDC-42A3-9474-1A3956D46DE8}") = "Modules", "Modules", "{F4D8E20E-B5D4-4026-BCCD-0F5D5298D07D}"
EndProject
Project("{FAE04EC0-301F-11D3-BF4B-00C04F79EFBC}") = "Server.Module.Framework", "Server.Module.Framework\Server.Module.Framework.csproj", "{D2C9854D-24BB-0FBD-09AF-A52FF8516FFA}"
EndProject
Project("{2150E333-8FDC-42A3-9474-1A3956D46DE8}") = "Products", "Products", "{5DBE2213-6AC7-43BD-8D8A-FC80289D1820}"
EndProject
Project("{FAE04EC0-301F-11D3-BF4B-00C04F79EFBC}") = "Server.Products.Application", "Modules\Products\Server.Products.Application\Server.Products.Application.csproj", "{6E59D978-2CD3-45B1-58DD-C3C02967BEF0}"
EndProject
Project("{FAE04EC0-301F-11D3-BF4B-00C04F79EFBC}") = "Server.Products.Contracts", "Modules\Products\Server.Products.Contracts\Server.Products.Contracts.csproj", "{F9C81823-A8C6-F41D-AE92-10C5A56EB67B}"
EndProject
Project("{FAE04EC0-301F-11D3-BF4B-00C04F79EFBC}") = "Server.Products.Domain", "Modules\Products\Server.Products.Domain\Server.Products.Domain.csproj", "{49E0689F-6172-E19C-2CBF-BBCE42D3E9CE}"
EndProject
Project("{FAE04EC0-301F-11D3-BF4B-00C04F79EFBC}") = "Server.Products.EndPoints", "Modules\Products\Server.Products.EndPoints\Server.Products.EndPoints.csproj", "{ADF6E356-1EB7-1C6D-E95D-212DCDC70574}"
EndProject
Project("{FAE04EC0-301F-11D3-BF4B-00C04F79EFBC}") = "Server.Products.Infrastructure", "Modules\Products\Server.Products.Infrastructure\Server.Products.Infrastructure.csproj", "{CC66E132-9ADC-603B-97FE-891BB6FEB7BD}"
EndProject
Project("{FAE04EC0-301F-11D3-BF4B-00C04F79EFBC}") = "Server.Products.Module", "Modules\Products\Server.Products.Module\Server.Products.Module.csproj", "{E4763C8D-B1CA-63D6-532E-D948F9AD4E14}"
EndProject
Global
	GlobalSection(SolutionConfigurationPlatforms) = preSolution
		Debug|Any CPU = Debug|Any CPU
		Release|Any CPU = Release|Any CPU
	EndGlobalSection
	GlobalSection(ProjectConfigurationPlatforms) = postSolution
		{3461765F-60A1-21BC-764E-FC799869FE2F}.Debug|Any CPU.ActiveCfg = Debug|Any CPU
		{3461765F-60A1-21BC-764E-FC799869FE2F}.Debug|Any CPU.Build.0 = Debug|Any CPU
		{3461765F-60A1-21BC-764E-FC799869FE2F}.Release|Any CPU.ActiveCfg = Release|Any CPU
		{3461765F-60A1-21BC-764E-FC799869FE2F}.Release|Any CPU.Build.0 = Release|Any CPU
		{B26B30A8-CBFE-4FD8-B2BB-15A9214231E1}.Debug|Any CPU.ActiveCfg = Debug|Any CPU
		{B26B30A8-CBFE-4FD8-B2BB-15A9214231E1}.Debug|Any CPU.Build.0 = Debug|Any CPU
		{B26B30A8-CBFE-4FD8-B2BB-15A9214231E1}.Release|Any CPU.ActiveCfg = Release|Any CPU
		{B26B30A8-CBFE-4FD8-B2BB-15A9214231E1}.Release|Any CPU.Build.0 = Release|Any CPU
		{D2C9854D-24BB-0FBD-09AF-A52FF8516FFA}.Debug|Any CPU.ActiveCfg = Debug|Any CPU
		{D2C9854D-24BB-0FBD-09AF-A52FF8516FFA}.Debug|Any CPU.Build.0 = Debug|Any CPU
		{D2C9854D-24BB-0FBD-09AF-A52FF8516FFA}.Release|Any CPU.ActiveCfg = Release|Any CPU
		{D2C9854D-24BB-0FBD-09AF-A52FF8516FFA}.Release|Any CPU.Build.0 = Release|Any CPU
		{6E59D978-2CD3-45B1-58DD-C3C02967BEF0}.Debug|Any CPU.ActiveCfg = Debug|Any CPU
		{6E59D978-2CD3-45B1-58DD-C3C02967BEF0}.Debug|Any CPU.Build.0 = Debug|Any CPU
		{6E59D978-2CD3-45B1-58DD-C3C02967BEF0}.Release|Any CPU.ActiveCfg = Release|Any CPU
		{6E59D978-2CD3-45B1-58DD-C3C02967BEF0}.Release|Any CPU.Build.0 = Release|Any CPU
		{F9C81823-A8C6-F41D-AE92-10C5A56EB67B}.Debug|Any CPU.ActiveCfg = Debug|Any CPU
		{F9C81823-A8C6-F41D-AE92-10C5A56EB67B}.Debug|Any CPU.Build.0 = Debug|Any CPU
		{F9C81823-A8C6-F41D-AE92-10C5A56EB67B}.Release|Any CPU.ActiveCfg = Release|Any CPU
		{F9C81823-A8C6-F41D-AE92-10C5A56EB67B}.Release|Any CPU.Build.0 = Release|Any CPU
		{49E0689F-6172-E19C-2CBF-BBCE42D3E9CE}.Debug|Any CPU.ActiveCfg = Debug|Any CPU
		{49E0689F-6172-E19C-2CBF-BBCE42D3E9CE}.Debug|Any CPU.Build.0 = Debug|Any CPU
		{49E0689F-6172-E19C-2CBF-BBCE42D3E9CE}.Release|Any CPU.ActiveCfg = Release|Any CPU
		{49E0689F-6172-E19C-2CBF-BBCE42D3E9CE}.Release|Any CPU.Build.0 = Release|Any CPU
		{ADF6E356-1EB7-1C6D-E95D-212DCDC70574}.Debug|Any CPU.ActiveCfg = Debug|Any CPU
		{ADF6E356-1EB7-1C6D-E95D-212DCDC70574}.Debug|Any CPU.Build.0 = Debug|Any CPU
		{ADF6E356-1EB7-1C6D-E95D-212DCDC70574}.Release|Any CPU.ActiveCfg = Release|Any CPU
		{ADF6E356-1EB7-1C6D-E95D-212DCDC70574}.Release|Any CPU.Build.0 = Release|Any CPU
		{CC66E132-9ADC-603B-97FE-891BB6FEB7BD}.Debug|Any CPU.ActiveCfg = Debug|Any CPU
		{CC66E132-9ADC-603B-97FE-891BB6FEB7BD}.Debug|Any CPU.Build.0 = Debug|Any CPU
		{CC66E132-9ADC-603B-97FE-891BB6FEB7BD}.Release|Any CPU.ActiveCfg = Release|Any CPU
		{CC66E132-9ADC-603B-97FE-891BB6FEB7BD}.Release|Any CPU.Build.0 = Release|Any CPU
		{E4763C8D-B1CA-63D6-532E-D948F9AD4E14}.Debug|Any CPU.ActiveCfg = Debug|Any CPU
		{E4763C8D-B1CA-63D6-532E-D948F9AD4E14}.Debug|Any CPU.Build.0 = Debug|Any CPU
		{E4763C8D-B1CA-63D6-532E-D948F9AD4E14}.Release|Any CPU.ActiveCfg = Release|Any CPU
		{E4763C8D-B1CA-63D6-532E-D948F9AD4E14}.Release|Any CPU.Build.0 = Release|Any CPU
	EndGlobalSection
	GlobalSection(SolutionProperties) = preSolution
		HideSolutionNode = FALSE
	EndGlobalSection
	GlobalSection(NestedProjects) = preSolution
		{73EF09C1-3E34-4DEF-A8B7-15F21EB2BE4A} = {02EA681E-C7D8-13C7-8484-4AC65E1B71E8}
		{D2C9854D-24BB-0FBD-09AF-A52FF8516FFA} = {F4D8E20E-B5D4-4026-BCCD-0F5D5298D07D}
		{5DBE2213-6AC7-43BD-8D8A-FC80289D1820} = {F4D8E20E-B5D4-4026-BCCD-0F5D5298D07D}
		{6E59D978-2CD3-45B1-58DD-C3C02967BEF0} = {5DBE2213-6AC7-43BD-8D8A-FC80289D1820}
		{F9C81823-A8C6-F41D-AE92-10C5A56EB67B} = {5DBE2213-6AC7-43BD-8D8A-FC80289D1820}
		{49E0689F-6172-E19C-2CBF-BBCE42D3E9CE} = {5DBE2213-6AC7-43BD-8D8A-FC80289D1820}
		{ADF6E356-1EB7-1C6D-E95D-212DCDC70574} = {5DBE2213-6AC7-43BD-8D8A-FC80289D1820}
		{CC66E132-9ADC-603B-97FE-891BB6FEB7BD} = {5DBE2213-6AC7-43BD-8D8A-FC80289D1820}
		{E4763C8D-B1CA-63D6-532E-D948F9AD4E14} = {5DBE2213-6AC7-43BD-8D8A-FC80289D1820}
	EndGlobalSection
	GlobalSection(ExtensibilityGlobals) = postSolution
		SolutionGuid = {E4FA43CA-F36F-48C1-A932-05D7F19DBE35}
	EndGlobalSection
EndGlobal
