
Microsoft Visual Studio Solution File, Format Version 12.00
# Visual Studio Version 17
VisualStudioVersion = 17.13.35919.96
MinimumVisualStudioVersion = 10.0.40219.1
Project("{2150E333-8FDC-42A3-9474-1A3956D46DE8}") = "Module", "Module", "{02EA681E-C7D8-13C7-8484-4AC65E1B71E8}"
EndProject
Project("{FAE04EC0-301F-11D3-BF4B-00C04F79EFBC}") = "TemplatePackage", "TemplatePackage\TemplatePackage.csproj", "{47695051-DDE0-4C09-85BB-DF6B74BE93B4}"
EndProject
Project("{FAE04EC0-301F-11D3-BF4B-00C04F79EFBC}") = "Server.Module.Framework", "TemplatePackage\content\Server.Module.Framework\Server.Module.Framework.csproj", "{576D5A49-B237-2BEB-F9DC-93ED7A52F4C7}"
EndProject
Global
	GlobalSection(SolutionConfigurationPlatforms) = preSolution
		Debug|Any CPU = Debug|Any CPU
		Release|Any CPU = Release|Any CPU
	EndGlobalSection
	GlobalSection(ProjectConfigurationPlatforms) = postSolution
		{47695051-DDE0-4C09-85BB-DF6B74BE93B4}.Debug|Any CPU.ActiveCfg = Debug|Any CPU
		{47695051-DDE0-4C09-85BB-DF6B74BE93B4}.Debug|Any CPU.Build.0 = Debug|Any CPU
		{47695051-DDE0-4C09-85BB-DF6B74BE93B4}.Release|Any CPU.ActiveCfg = Release|Any CPU
		{47695051-DDE0-4C09-85BB-DF6B74BE93B4}.Release|Any CPU.Build.0 = Release|Any CPU
		{576D5A49-B237-2BEB-F9DC-93ED7A52F4C7}.Debug|Any CPU.ActiveCfg = Debug|Any CPU
		{576D5A49-B237-2BEB-F9DC-93ED7A52F4C7}.Debug|Any CPU.Build.0 = Debug|Any CPU
		{576D5A49-B237-2BEB-F9DC-93ED7A52F4C7}.Release|Any CPU.ActiveCfg = Release|Any CPU
		{576D5A49-B237-2BEB-F9DC-93ED7A52F4C7}.Release|Any CPU.Build.0 = Release|Any CPU
	EndGlobalSection
	GlobalSection(SolutionProperties) = preSolution
		HideSolutionNode = FALSE
	EndGlobalSection
	GlobalSection(NestedProjects) = preSolution
		{576D5A49-B237-2BEB-F9DC-93ED7A52F4C7} = {02EA681E-C7D8-13C7-8484-4AC65E1B71E8}
	EndGlobalSection
	GlobalSection(ExtensibilityGlobals) = postSolution
		SolutionGuid = {5F999D6E-7381-4558-B189-BA6D46A62CD2}
	EndGlobalSection
EndGlobal
